// !$*UTF8*$!
{
	archiveVersion = 1;
	classes = {
	};
	objectVersion = 48;
	objects = {

/* Begin PBXBuildFile section */
		44DA42671278C599A97BECEF /* libPods-Freestream.a in Frameworks */ = {isa = PBXBuildFile; fileRef = 7259D11CEF2F7B196912D014 /* libPods-Freestream.a */; };
		970307741FCBF94E00A9E5EF /* FSAlertController.m in Sources */ = {isa = PBXBuildFile; fileRef = 970307731FCBF94E00A9E5EF /* FSAlertController.m */; };
		970307771FCC80E300A9E5EF /* CoreStore+App.m in Sources */ = {isa = PBXBuildFile; fileRef = 970307761FCC80E300A9E5EF /* CoreStore+App.m */; };
		9703077E1FCC833D00A9E5EF /* FSAudioInputInfo.m in Sources */ = {isa = PBXBuildFile; fileRef = 9703077D1FCC833D00A9E5EF /* FSAudioInputInfo.m */; };
		970307821FCC83E400A9E5EF /* FSDeviceConfigureInfo.m in Sources */ = {isa = PBXBuildFile; fileRef = 970307811FCC83E400A9E5EF /* FSDeviceConfigureInfo.m */; };
		970307851FCC871300A9E5EF /* FSBaseViewController+WifiInfo.m in Sources */ = {isa = PBXBuildFile; fileRef = 970307841FCC871300A9E5EF /* FSBaseViewController+WifiInfo.m */; };
		970307881FCC883C00A9E5EF /* FSBaseViewController+AlertController.m in Sources */ = {isa = PBXBuildFile; fileRef = 970307871FCC883C00A9E5EF /* FSBaseViewController+AlertController.m */; };
		97328E751FB32AA3005FC554 /* AppDelegate.m in Sources */ = {isa = PBXBuildFile; fileRef = 97328E741FB32AA3005FC554 /* AppDelegate.m */; };
		97328E7D1FB32AA3005FC554 /* App.xcassets in Resources */ = {isa = PBXBuildFile; fileRef = 97328E7C1FB32AA3005FC554 /* App.xcassets */; };
		97328E831FB32AA3005FC554 /* main.m in Sources */ = {isa = PBXBuildFile; fileRef = 97328E821FB32AA3005FC554 /* main.m */; };
		97328E981FB3F333005FC554 /* Base.xcassets in Resources */ = {isa = PBXBuildFile; fileRef = 97328E971FB3F333005FC554 /* Base.xcassets */; };
		97328E9E1FB3F3FC005FC554 /* FSBaseViewController.m in Sources */ = {isa = PBXBuildFile; fileRef = 97328E9D1FB3F3FC005FC554 /* FSBaseViewController.m */; };
		97328EA11FB3F411005FC554 /* FSBaseWebViewController.m in Sources */ = {isa = PBXBuildFile; fileRef = 97328EA01FB3F411005FC554 /* FSBaseWebViewController.m */; };
		97328EA41FB3F537005FC554 /* FSNavigationViewController.m in Sources */ = {isa = PBXBuildFile; fileRef = 97328EA31FB3F537005FC554 /* FSNavigationViewController.m */; };
		97328EA71FB3F586005FC554 /* FSNavigationViewController+StatusBar.m in Sources */ = {isa = PBXBuildFile; fileRef = 97328EA61FB3F586005FC554 /* FSNavigationViewController+StatusBar.m */; };
		97328EB11FB3F738005FC554 /* FSLeftSideMenuViewController.m in Sources */ = {isa = PBXBuildFile; fileRef = 97328EAF1FB3F738005FC554 /* FSLeftSideMenuViewController.m */; };
		97328EB21FB3F738005FC554 /* FSLeftSideMenuViewController.xib in Resources */ = {isa = PBXBuildFile; fileRef = 97328EB01FB3F738005FC554 /* FSLeftSideMenuViewController.xib */; };
		97328EB71FB3FB34005FC554 /* Localizable.strings in Resources */ = {isa = PBXBuildFile; fileRef = 97328EB91FB3FB34005FC554 /* Localizable.strings */; };
		97328EBE1FB4023C005FC554 /* UIColor+App.m in Sources */ = {isa = PBXBuildFile; fileRef = 97328EBD1FB4023C005FC554 /* UIColor+App.m */; };
		97328EC31FB43374005FC554 /* FSLeftSideTableViewCell.m in Sources */ = {isa = PBXBuildFile; fileRef = 97328EC11FB43374005FC554 /* FSLeftSideTableViewCell.m */; };
		97328EC41FB43374005FC554 /* FSLeftSideTableViewCell.xib in Resources */ = {isa = PBXBuildFile; fileRef = 97328EC21FB43374005FC554 /* FSLeftSideTableViewCell.xib */; };
		97328EC81FB436A2005FC554 /* FSHomeViewController.m in Sources */ = {isa = PBXBuildFile; fileRef = 97328EC61FB436A2005FC554 /* FSHomeViewController.m */; };
		97328EC91FB436A2005FC554 /* FSHomeViewController.xib in Resources */ = {isa = PBXBuildFile; fileRef = 97328EC71FB436A2005FC554 /* FSHomeViewController.xib */; };
		97328ECD1FB4382C005FC554 /* FSHomePageButtonView.m in Sources */ = {isa = PBXBuildFile; fileRef = 97328ECC1FB4382C005FC554 /* FSHomePageButtonView.m */; };
		97328ECF1FB4383A005FC554 /* FSHomePageButtonView.xib in Resources */ = {isa = PBXBuildFile; fileRef = 97328ECE1FB4383A005FC554 /* FSHomePageButtonView.xib */; };
		97328ED71FB44FE0005FC554 /* Home.xcassets in Resources */ = {isa = PBXBuildFile; fileRef = 97328ED61FB44FE0005FC554 /* Home.xcassets */; };
		97328EDC1FB577CE005FC554 /* FSTextViewController.m in Sources */ = {isa = PBXBuildFile; fileRef = 97328EDA1FB577CE005FC554 /* FSTextViewController.m */; };
		97328EDD1FB577CE005FC554 /* FSTextViewController.xib in Resources */ = {isa = PBXBuildFile; fileRef = 97328EDB1FB577CE005FC554 /* FSTextViewController.xib */; };
		97328EF11FB59869005FC554 /* FSLeftSideModel.m in Sources */ = {isa = PBXBuildFile; fileRef = 97328EF01FB59869005FC554 /* FSLeftSideModel.m */; };
		97328EF61FB9404C005FC554 /* FBSDKCoreKit.framework in Frameworks */ = {isa = PBXBuildFile; fileRef = 97328EF41FB9404B005FC554 /* FBSDKCoreKit.framework */; };
		97328EF71FB9404C005FC554 /* FBSDKLoginKit.framework in Frameworks */ = {isa = PBXBuildFile; fileRef = 97328EF51FB9404C005FC554 /* FBSDKLoginKit.framework */; };
		97328EF91FB944CB005FC554 /* Bolts.framework in Frameworks */ = {isa = PBXBuildFile; fileRef = 97328EF81FB944CA005FC554 /* Bolts.framework */; };
		97328EFD1FB98795005FC554 /* FSFaceBookAPIRESTfulService.m in Sources */ = {isa = PBXBuildFile; fileRef = 97328EFC1FB98795005FC554 /* FSFaceBookAPIRESTfulService.m */; };
		97328F031FB98DE8005FC554 /* FSNetWorkManager.m in Sources */ = {isa = PBXBuildFile; fileRef = 97328F021FB98DE8005FC554 /* FSNetWorkManager.m */; };
		973FC9411FD133AE00C57F33 /* Stream.xcassets in Resources */ = {isa = PBXBuildFile; fileRef = 973FC9401FD133AE00C57F33 /* Stream.xcassets */; };
		973FC9481FD142DB00C57F33 /* FSPlatformButtonView.m in Sources */ = {isa = PBXBuildFile; fileRef = 973FC9471FD142DB00C57F33 /* FSPlatformButtonView.m */; };
		973FC94A1FD142FE00C57F33 /* FSPlatformButtonView.xib in Resources */ = {isa = PBXBuildFile; fileRef = 973FC9491FD142FE00C57F33 /* FSPlatformButtonView.xib */; };
		9740412D1FBE86F300E23E31 /* FSStreamViewController.m in Sources */ = {isa = PBXBuildFile; fileRef = 9740412B1FBE86F300E23E31 /* FSStreamViewController.m */; };
		9740412E1FBE86F300E23E31 /* FSStreamViewController.xib in Resources */ = {isa = PBXBuildFile; fileRef = 9740412C1FBE86F300E23E31 /* FSStreamViewController.xib */; };
		974041331FBEE09500E23E31 /* LiveView.xcassets in Resources */ = {isa = PBXBuildFile; fileRef = 974041321FBEE09500E23E31 /* LiveView.xcassets */; };
		9741AF671FBDBD6A00D4290D /* FSLiveViewViewController.m in Sources */ = {isa = PBXBuildFile; fileRef = 9741AF651FBDBD6A00D4290D /* FSLiveViewViewController.m */; };
		9741AF681FBDBD6A00D4290D /* FSLiveViewViewController.xib in Resources */ = {isa = PBXBuildFile; fileRef = 9741AF661FBDBD6A00D4290D /* FSLiveViewViewController.xib */; };
		977DB6A91FD64216006A22E1 /* FSStreamPlatformModel.m in Sources */ = {isa = PBXBuildFile; fileRef = 977DB6A81FD64216006A22E1 /* FSStreamPlatformModel.m */; };
		977DB6AD1FD695C3006A22E1 /* FSPlatformCustomViewController.m in Sources */ = {isa = PBXBuildFile; fileRef = 977DB6AB1FD695C3006A22E1 /* FSPlatformCustomViewController.m */; };
		977DB6AE1FD695C3006A22E1 /* FSPlatformCustomViewController.xib in Resources */ = {isa = PBXBuildFile; fileRef = 977DB6AC1FD695C3006A22E1 /* FSPlatformCustomViewController.xib */; };
		977DB6B21FD695D7006A22E1 /* FSPlatformFacebookViewController.m in Sources */ = {isa = PBXBuildFile; fileRef = 977DB6B01FD695D7006A22E1 /* FSPlatformFacebookViewController.m */; };
		977DB6B31FD695D7006A22E1 /* FSPlatformFacebookViewController.xib in Resources */ = {isa = PBXBuildFile; fileRef = 977DB6B11FD695D7006A22E1 /* FSPlatformFacebookViewController.xib */; };
		977DB6B71FD695E7006A22E1 /* FSPlatformYoutubeViewController.m in Sources */ = {isa = PBXBuildFile; fileRef = 977DB6B51FD695E7006A22E1 /* FSPlatformYoutubeViewController.m */; };
		977DB6B81FD695E7006A22E1 /* FSPlatformYoutubeViewController.xib in Resources */ = {isa = PBXBuildFile; fileRef = 977DB6B61FD695E7006A22E1 /* FSPlatformYoutubeViewController.xib */; };
		977DB6C11FD69639006A22E1 /* FSPlatformTwitchViewController.m in Sources */ = {isa = PBXBuildFile; fileRef = 977DB6BF1FD69639006A22E1 /* FSPlatformTwitchViewController.m */; };
		977DB6C21FD69639006A22E1 /* FSPlatformTwitchViewController.xib in Resources */ = {isa = PBXBuildFile; fileRef = 977DB6C01FD69639006A22E1 /* FSPlatformTwitchViewController.xib */; };
		977DB6C51FD7DDBD006A22E1 /* FSBaseViewController+MBProgressHud.m in Sources */ = {isa = PBXBuildFile; fileRef = 977DB6C41FD7DDBD006A22E1 /* FSBaseViewController+MBProgressHud.m */; };
		977DB6C81FD7E099006A22E1 /* NSString+FSApp.m in Sources */ = {isa = PBXBuildFile; fileRef = 977DB6C71FD7E099006A22E1 /* NSString+FSApp.m */; };
		9789E6781FC2F03500386902 /* libWisView.a in Frameworks */ = {isa = PBXBuildFile; fileRef = 9789E6751FC2F03500386902 /* libWisView.a */; };
		9789E67C1FC2F42B00386902 /* FSSearchDeviceManager.m in Sources */ = {isa = PBXBuildFile; fileRef = 9789E67B1FC2F42B00386902 /* FSSearchDeviceManager.m */; };
		9789E67E1FC30C1D00386902 /* libstdc++.tbd in Frameworks */ = {isa = PBXBuildFile; fileRef = 9789E67D1FC30C1D00386902 /* libstdc++.tbd */; };
		9789E6861FC30C9700386902 /* libiconv.tbd in Frameworks */ = {isa = PBXBuildFile; fileRef = 9789E6851FC30C9700386902 /* libiconv.tbd */; };
		97E2B0651FD91B5400426464 /* FSLiveViewModel.m in Sources */ = {isa = PBXBuildFile; fileRef = 97E2B0641FD91B5400426464 /* FSLiveViewModel.m */; };
		97E2B0691FD9269E00426464 /* FSLiveViewStatusView.m in Sources */ = {isa = PBXBuildFile; fileRef = 97E2B0681FD9269E00426464 /* FSLiveViewStatusView.m */; };
		97E2B06B1FD926AB00426464 /* FSLiveViewStatusView.xib in Resources */ = {isa = PBXBuildFile; fileRef = 97E2B06A1FD926AB00426464 /* FSLiveViewStatusView.xib */; };
		97E6ADCA1FC6741B0047C882 /* FSDeviceConfigureAPIRESTfulService.m in Sources */ = {isa = PBXBuildFile; fileRef = 97E6ADC91FC6741B0047C882 /* FSDeviceConfigureAPIRESTfulService.m */; };
/* End PBXBuildFile section */

/* Begin PBXFileReference section */
		20ED9EDB49FC7B22B83D2DE2 /* Pods-Freestream.release.xcconfig */ = {isa = PBXFileReference; includeInIndex = 1; lastKnownFileType = text.xcconfig; name = "Pods-Freestream.release.xcconfig"; path = "Pods/Target Support Files/Pods-Freestream/Pods-Freestream.release.xcconfig"; sourceTree = "<group>"; };
		7259D11CEF2F7B196912D014 /* libPods-Freestream.a */ = {isa = PBXFileReference; explicitFileType = archive.ar; includeInIndex = 0; path = "libPods-Freestream.a"; sourceTree = BUILT_PRODUCTS_DIR; };
		970307721FCBF94E00A9E5EF /* FSAlertController.h */ = {isa = PBXFileReference; lastKnownFileType = sourcecode.c.h; path = FSAlertController.h; sourceTree = "<group>"; };
		970307731FCBF94E00A9E5EF /* FSAlertController.m */ = {isa = PBXFileReference; lastKnownFileType = sourcecode.c.objc; path = FSAlertController.m; sourceTree = "<group>"; };
		970307751FCC80E300A9E5EF /* CoreStore+App.h */ = {isa = PBXFileReference; lastKnownFileType = sourcecode.c.h; path = "CoreStore+App.h"; sourceTree = "<group>"; };
		970307761FCC80E300A9E5EF /* CoreStore+App.m */ = {isa = PBXFileReference; lastKnownFileType = sourcecode.c.objc; path = "CoreStore+App.m"; sourceTree = "<group>"; };
		9703077C1FCC833D00A9E5EF /* FSAudioInputInfo.h */ = {isa = PBXFileReference; lastKnownFileType = sourcecode.c.h; path = FSAudioInputInfo.h; sourceTree = "<group>"; };
		9703077D1FCC833D00A9E5EF /* FSAudioInputInfo.m */ = {isa = PBXFileReference; lastKnownFileType = sourcecode.c.objc; path = FSAudioInputInfo.m; sourceTree = "<group>"; };
		970307801FCC83E400A9E5EF /* FSDeviceConfigureInfo.h */ = {isa = PBXFileReference; lastKnownFileType = sourcecode.c.h; path = FSDeviceConfigureInfo.h; sourceTree = "<group>"; };
		970307811FCC83E400A9E5EF /* FSDeviceConfigureInfo.m */ = {isa = PBXFileReference; lastKnownFileType = sourcecode.c.objc; path = FSDeviceConfigureInfo.m; sourceTree = "<group>"; };
		970307831FCC871300A9E5EF /* FSBaseViewController+WifiInfo.h */ = {isa = PBXFileReference; lastKnownFileType = sourcecode.c.h; path = "FSBaseViewController+WifiInfo.h"; sourceTree = "<group>"; };
		970307841FCC871300A9E5EF /* FSBaseViewController+WifiInfo.m */ = {isa = PBXFileReference; lastKnownFileType = sourcecode.c.objc; path = "FSBaseViewController+WifiInfo.m"; sourceTree = "<group>"; };
		970307861FCC883C00A9E5EF /* FSBaseViewController+AlertController.h */ = {isa = PBXFileReference; lastKnownFileType = sourcecode.c.h; path = "FSBaseViewController+AlertController.h"; sourceTree = "<group>"; };
		970307871FCC883C00A9E5EF /* FSBaseViewController+AlertController.m */ = {isa = PBXFileReference; lastKnownFileType = sourcecode.c.objc; path = "FSBaseViewController+AlertController.m"; sourceTree = "<group>"; };
		97328E701FB32AA3005FC554 /* Freestream.app */ = {isa = PBXFileReference; explicitFileType = wrapper.application; includeInIndex = 0; path = Freestream.app; sourceTree = BUILT_PRODUCTS_DIR; };
		97328E731FB32AA3005FC554 /* AppDelegate.h */ = {isa = PBXFileReference; lastKnownFileType = sourcecode.c.h; path = AppDelegate.h; sourceTree = "<group>"; };
		97328E741FB32AA3005FC554 /* AppDelegate.m */ = {isa = PBXFileReference; lastKnownFileType = sourcecode.c.objc; path = AppDelegate.m; sourceTree = "<group>"; };
		97328E7C1FB32AA3005FC554 /* App.xcassets */ = {isa = PBXFileReference; lastKnownFileType = folder.assetcatalog; path = App.xcassets; sourceTree = "<group>"; };
		97328E811FB32AA3005FC554 /* Info.plist */ = {isa = PBXFileReference; lastKnownFileType = text.plist.xml; path = Info.plist; sourceTree = "<group>"; };
		97328E821FB32AA3005FC554 /* main.m */ = {isa = PBXFileReference; lastKnownFileType = sourcecode.c.objc; path = main.m; sourceTree = "<group>"; };
		97328E961FB33A49005FC554 /* CommonAppHeader.h */ = {isa = PBXFileReference; lastKnownFileType = sourcecode.c.h; path = CommonAppHeader.h; sourceTree = "<group>"; };
		97328E971FB3F333005FC554 /* Base.xcassets */ = {isa = PBXFileReference; lastKnownFileType = folder.assetcatalog; path = Base.xcassets; sourceTree = "<group>"; };
		97328E9C1FB3F3FC005FC554 /* FSBaseViewController.h */ = {isa = PBXFileReference; lastKnownFileType = sourcecode.c.h; path = FSBaseViewController.h; sourceTree = "<group>"; };
		97328E9D1FB3F3FC005FC554 /* FSBaseViewController.m */ = {isa = PBXFileReference; lastKnownFileType = sourcecode.c.objc; path = FSBaseViewController.m; sourceTree = "<group>"; };
		97328E9F1FB3F411005FC554 /* FSBaseWebViewController.h */ = {isa = PBXFileReference; lastKnownFileType = sourcecode.c.h; path = FSBaseWebViewController.h; sourceTree = "<group>"; };
		97328EA01FB3F411005FC554 /* FSBaseWebViewController.m */ = {isa = PBXFileReference; lastKnownFileType = sourcecode.c.objc; path = FSBaseWebViewController.m; sourceTree = "<group>"; };
		97328EA21FB3F537005FC554 /* FSNavigationViewController.h */ = {isa = PBXFileReference; lastKnownFileType = sourcecode.c.h; path = FSNavigationViewController.h; sourceTree = "<group>"; };
		97328EA31FB3F537005FC554 /* FSNavigationViewController.m */ = {isa = PBXFileReference; lastKnownFileType = sourcecode.c.objc; path = FSNavigationViewController.m; sourceTree = "<group>"; };
		97328EA51FB3F586005FC554 /* FSNavigationViewController+StatusBar.h */ = {isa = PBXFileReference; lastKnownFileType = sourcecode.c.h; path = "FSNavigationViewController+StatusBar.h"; sourceTree = "<group>"; };
		97328EA61FB3F586005FC554 /* FSNavigationViewController+StatusBar.m */ = {isa = PBXFileReference; lastKnownFileType = sourcecode.c.objc; path = "FSNavigationViewController+StatusBar.m"; sourceTree = "<group>"; };
		97328EAE1FB3F738005FC554 /* FSLeftSideMenuViewController.h */ = {isa = PBXFileReference; lastKnownFileType = sourcecode.c.h; path = FSLeftSideMenuViewController.h; sourceTree = "<group>"; };
		97328EAF1FB3F738005FC554 /* FSLeftSideMenuViewController.m */ = {isa = PBXFileReference; lastKnownFileType = sourcecode.c.objc; path = FSLeftSideMenuViewController.m; sourceTree = "<group>"; };
		97328EB01FB3F738005FC554 /* FSLeftSideMenuViewController.xib */ = {isa = PBXFileReference; lastKnownFileType = file.xib; path = FSLeftSideMenuViewController.xib; sourceTree = "<group>"; };
		97328EBA1FB3FB3B005FC554 /* Base */ = {isa = PBXFileReference; lastKnownFileType = text.plist.strings; name = Base; path = Base.lproj/Localizable.strings; sourceTree = "<group>"; };
		97328EBB1FB3FC54005FC554 /* zh-Hans */ = {isa = PBXFileReference; lastKnownFileType = text.plist.strings; name = "zh-Hans"; path = "zh-Hans.lproj/Localizable.strings"; sourceTree = "<group>"; };
		97328EBC1FB4023C005FC554 /* UIColor+App.h */ = {isa = PBXFileReference; lastKnownFileType = sourcecode.c.h; path = "UIColor+App.h"; sourceTree = "<group>"; };
		97328EBD1FB4023C005FC554 /* UIColor+App.m */ = {isa = PBXFileReference; lastKnownFileType = sourcecode.c.objc; path = "UIColor+App.m"; sourceTree = "<group>"; };
		97328EC01FB43374005FC554 /* FSLeftSideTableViewCell.h */ = {isa = PBXFileReference; lastKnownFileType = sourcecode.c.h; path = FSLeftSideTableViewCell.h; sourceTree = "<group>"; };
		97328EC11FB43374005FC554 /* FSLeftSideTableViewCell.m */ = {isa = PBXFileReference; lastKnownFileType = sourcecode.c.objc; path = FSLeftSideTableViewCell.m; sourceTree = "<group>"; };
		97328EC21FB43374005FC554 /* FSLeftSideTableViewCell.xib */ = {isa = PBXFileReference; lastKnownFileType = file.xib; path = FSLeftSideTableViewCell.xib; sourceTree = "<group>"; };
		97328EC51FB436A2005FC554 /* FSHomeViewController.h */ = {isa = PBXFileReference; lastKnownFileType = sourcecode.c.h; path = FSHomeViewController.h; sourceTree = "<group>"; };
		97328EC61FB436A2005FC554 /* FSHomeViewController.m */ = {isa = PBXFileReference; lastKnownFileType = sourcecode.c.objc; path = FSHomeViewController.m; sourceTree = "<group>"; };
		97328EC71FB436A2005FC554 /* FSHomeViewController.xib */ = {isa = PBXFileReference; lastKnownFileType = file.xib; path = FSHomeViewController.xib; sourceTree = "<group>"; };
		97328ECB1FB4382C005FC554 /* FSHomePageButtonView.h */ = {isa = PBXFileReference; lastKnownFileType = sourcecode.c.h; path = FSHomePageButtonView.h; sourceTree = "<group>"; };
		97328ECC1FB4382C005FC554 /* FSHomePageButtonView.m */ = {isa = PBXFileReference; lastKnownFileType = sourcecode.c.objc; path = FSHomePageButtonView.m; sourceTree = "<group>"; };
		97328ECE1FB4383A005FC554 /* FSHomePageButtonView.xib */ = {isa = PBXFileReference; lastKnownFileType = file.xib; path = FSHomePageButtonView.xib; sourceTree = "<group>"; };
		97328ED61FB44FE0005FC554 /* Home.xcassets */ = {isa = PBXFileReference; lastKnownFileType = folder.assetcatalog; path = Home.xcassets; sourceTree = "<group>"; };
		97328ED91FB577CE005FC554 /* FSTextViewController.h */ = {isa = PBXFileReference; lastKnownFileType = sourcecode.c.h; path = FSTextViewController.h; sourceTree = "<group>"; };
		97328EDA1FB577CE005FC554 /* FSTextViewController.m */ = {isa = PBXFileReference; lastKnownFileType = sourcecode.c.objc; path = FSTextViewController.m; sourceTree = "<group>"; };
		97328EDB1FB577CE005FC554 /* FSTextViewController.xib */ = {isa = PBXFileReference; lastKnownFileType = file.xib; path = FSTextViewController.xib; sourceTree = "<group>"; };
		97328EEF1FB59869005FC554 /* FSLeftSideModel.h */ = {isa = PBXFileReference; lastKnownFileType = sourcecode.c.h; path = FSLeftSideModel.h; sourceTree = "<group>"; };
		97328EF01FB59869005FC554 /* FSLeftSideModel.m */ = {isa = PBXFileReference; lastKnownFileType = sourcecode.c.objc; path = FSLeftSideModel.m; sourceTree = "<group>"; };
		97328EF41FB9404B005FC554 /* FBSDKCoreKit.framework */ = {isa = PBXFileReference; lastKnownFileType = wrapper.framework; path = FBSDKCoreKit.framework; sourceTree = "<group>"; };
		97328EF51FB9404C005FC554 /* FBSDKLoginKit.framework */ = {isa = PBXFileReference; lastKnownFileType = wrapper.framework; path = FBSDKLoginKit.framework; sourceTree = "<group>"; };
		97328EF81FB944CA005FC554 /* Bolts.framework */ = {isa = PBXFileReference; lastKnownFileType = wrapper.framework; path = Bolts.framework; sourceTree = "<group>"; };
		97328EFA1FB94C2C005FC554 /* AppConstants.h */ = {isa = PBXFileReference; lastKnownFileType = sourcecode.c.h; path = AppConstants.h; sourceTree = "<group>"; };
		97328EFB1FB98795005FC554 /* FSFaceBookAPIRESTfulService.h */ = {isa = PBXFileReference; lastKnownFileType = sourcecode.c.h; path = FSFaceBookAPIRESTfulService.h; sourceTree = "<group>"; };
		97328EFC1FB98795005FC554 /* FSFaceBookAPIRESTfulService.m */ = {isa = PBXFileReference; lastKnownFileType = sourcecode.c.objc; path = FSFaceBookAPIRESTfulService.m; sourceTree = "<group>"; };
		97328EFE1FB98823005FC554 /* FSFaceBookAPIURL.h */ = {isa = PBXFileReference; lastKnownFileType = sourcecode.c.h; path = FSFaceBookAPIURL.h; sourceTree = "<group>"; };
		97328EFF1FB98848005FC554 /* FSBaseAPIURL.h */ = {isa = PBXFileReference; lastKnownFileType = sourcecode.c.h; path = FSBaseAPIURL.h; sourceTree = "<group>"; };
		97328F011FB98DE8005FC554 /* FSNetWorkManager.h */ = {isa = PBXFileReference; lastKnownFileType = sourcecode.c.h; path = FSNetWorkManager.h; sourceTree = "<group>"; };
		97328F021FB98DE8005FC554 /* FSNetWorkManager.m */ = {isa = PBXFileReference; lastKnownFileType = sourcecode.c.objc; path = FSNetWorkManager.m; sourceTree = "<group>"; };
		973FC9401FD133AE00C57F33 /* Stream.xcassets */ = {isa = PBXFileReference; lastKnownFileType = folder.assetcatalog; path = Stream.xcassets; sourceTree = "<group>"; };
		973FC9461FD142DB00C57F33 /* FSPlatformButtonView.h */ = {isa = PBXFileReference; lastKnownFileType = sourcecode.c.h; path = FSPlatformButtonView.h; sourceTree = "<group>"; };
		973FC9471FD142DB00C57F33 /* FSPlatformButtonView.m */ = {isa = PBXFileReference; lastKnownFileType = sourcecode.c.objc; path = FSPlatformButtonView.m; sourceTree = "<group>"; };
		973FC9491FD142FE00C57F33 /* FSPlatformButtonView.xib */ = {isa = PBXFileReference; lastKnownFileType = file.xib; path = FSPlatformButtonView.xib; sourceTree = "<group>"; };
		9740412A1FBE86F300E23E31 /* FSStreamViewController.h */ = {isa = PBXFileReference; lastKnownFileType = sourcecode.c.h; path = FSStreamViewController.h; sourceTree = "<group>"; };
		9740412B1FBE86F300E23E31 /* FSStreamViewController.m */ = {isa = PBXFileReference; lastKnownFileType = sourcecode.c.objc; path = FSStreamViewController.m; sourceTree = "<group>"; };
		9740412C1FBE86F300E23E31 /* FSStreamViewController.xib */ = {isa = PBXFileReference; lastKnownFileType = file.xib; path = FSStreamViewController.xib; sourceTree = "<group>"; };
		974041321FBEE09500E23E31 /* LiveView.xcassets */ = {isa = PBXFileReference; lastKnownFileType = folder.assetcatalog; path = LiveView.xcassets; sourceTree = "<group>"; };
		9741AF641FBDBD6A00D4290D /* FSLiveViewViewController.h */ = {isa = PBXFileReference; lastKnownFileType = sourcecode.c.h; path = FSLiveViewViewController.h; sourceTree = "<group>"; };
		9741AF651FBDBD6A00D4290D /* FSLiveViewViewController.m */ = {isa = PBXFileReference; lastKnownFileType = sourcecode.c.objc; path = FSLiveViewViewController.m; sourceTree = "<group>"; };
		9741AF661FBDBD6A00D4290D /* FSLiveViewViewController.xib */ = {isa = PBXFileReference; lastKnownFileType = file.xib; path = FSLiveViewViewController.xib; sourceTree = "<group>"; };
		977DB6A71FD64216006A22E1 /* FSStreamPlatformModel.h */ = {isa = PBXFileReference; lastKnownFileType = sourcecode.c.h; path = FSStreamPlatformModel.h; sourceTree = "<group>"; };
		977DB6A81FD64216006A22E1 /* FSStreamPlatformModel.m */ = {isa = PBXFileReference; lastKnownFileType = sourcecode.c.objc; path = FSStreamPlatformModel.m; sourceTree = "<group>"; };
		977DB6AA1FD695C3006A22E1 /* FSPlatformCustomViewController.h */ = {isa = PBXFileReference; lastKnownFileType = sourcecode.c.h; path = FSPlatformCustomViewController.h; sourceTree = "<group>"; };
		977DB6AB1FD695C3006A22E1 /* FSPlatformCustomViewController.m */ = {isa = PBXFileReference; lastKnownFileType = sourcecode.c.objc; path = FSPlatformCustomViewController.m; sourceTree = "<group>"; };
		977DB6AC1FD695C3006A22E1 /* FSPlatformCustomViewController.xib */ = {isa = PBXFileReference; lastKnownFileType = file.xib; path = FSPlatformCustomViewController.xib; sourceTree = "<group>"; };
		977DB6AF1FD695D7006A22E1 /* FSPlatformFacebookViewController.h */ = {isa = PBXFileReference; lastKnownFileType = sourcecode.c.h; path = FSPlatformFacebookViewController.h; sourceTree = "<group>"; };
		977DB6B01FD695D7006A22E1 /* FSPlatformFacebookViewController.m */ = {isa = PBXFileReference; lastKnownFileType = sourcecode.c.objc; path = FSPlatformFacebookViewController.m; sourceTree = "<group>"; };
		977DB6B11FD695D7006A22E1 /* FSPlatformFacebookViewController.xib */ = {isa = PBXFileReference; lastKnownFileType = file.xib; path = FSPlatformFacebookViewController.xib; sourceTree = "<group>"; };
		977DB6B41FD695E7006A22E1 /* FSPlatformYoutubeViewController.h */ = {isa = PBXFileReference; lastKnownFileType = sourcecode.c.h; path = FSPlatformYoutubeViewController.h; sourceTree = "<group>"; };
		977DB6B51FD695E7006A22E1 /* FSPlatformYoutubeViewController.m */ = {isa = PBXFileReference; lastKnownFileType = sourcecode.c.objc; path = FSPlatformYoutubeViewController.m; sourceTree = "<group>"; };
		977DB6B61FD695E7006A22E1 /* FSPlatformYoutubeViewController.xib */ = {isa = PBXFileReference; lastKnownFileType = file.xib; path = FSPlatformYoutubeViewController.xib; sourceTree = "<group>"; };
		977DB6BE1FD69639006A22E1 /* FSPlatformTwitchViewController.h */ = {isa = PBXFileReference; lastKnownFileType = sourcecode.c.h; path = FSPlatformTwitchViewController.h; sourceTree = "<group>"; };
		977DB6BF1FD69639006A22E1 /* FSPlatformTwitchViewController.m */ = {isa = PBXFileReference; lastKnownFileType = sourcecode.c.objc; path = FSPlatformTwitchViewController.m; sourceTree = "<group>"; };
		977DB6C01FD69639006A22E1 /* FSPlatformTwitchViewController.xib */ = {isa = PBXFileReference; lastKnownFileType = file.xib; path = FSPlatformTwitchViewController.xib; sourceTree = "<group>"; };
		977DB6C31FD7DDBD006A22E1 /* FSBaseViewController+MBProgressHud.h */ = {isa = PBXFileReference; lastKnownFileType = sourcecode.c.h; path = "FSBaseViewController+MBProgressHud.h"; sourceTree = "<group>"; };
		977DB6C41FD7DDBD006A22E1 /* FSBaseViewController+MBProgressHud.m */ = {isa = PBXFileReference; lastKnownFileType = sourcecode.c.objc; path = "FSBaseViewController+MBProgressHud.m"; sourceTree = "<group>"; };
		977DB6C61FD7E099006A22E1 /* NSString+FSApp.h */ = {isa = PBXFileReference; lastKnownFileType = sourcecode.c.h; path = "NSString+FSApp.h"; sourceTree = "<group>"; };
		977DB6C71FD7E099006A22E1 /* NSString+FSApp.m */ = {isa = PBXFileReference; lastKnownFileType = sourcecode.c.objc; path = "NSString+FSApp.m"; sourceTree = "<group>"; };
		9789E6741FC2F03500386902 /* EasyConfig.h */ = {isa = PBXFileReference; fileEncoding = 4; lastKnownFileType = sourcecode.c.h; path = EasyConfig.h; sourceTree = "<group>"; };
		9789E6751FC2F03500386902 /* libWisView.a */ = {isa = PBXFileReference; lastKnownFileType = archive.ar; path = libWisView.a; sourceTree = "<group>"; };
		9789E6761FC2F03500386902 /* Scanner.h */ = {isa = PBXFileReference; fileEncoding = 4; lastKnownFileType = sourcecode.c.h; path = Scanner.h; sourceTree = "<group>"; };
		9789E6771FC2F03500386902 /* WisView.h */ = {isa = PBXFileReference; fileEncoding = 4; lastKnownFileType = sourcecode.c.h; path = WisView.h; sourceTree = "<group>"; };
		9789E67A1FC2F42B00386902 /* FSSearchDeviceManager.h */ = {isa = PBXFileReference; lastKnownFileType = sourcecode.c.h; path = FSSearchDeviceManager.h; sourceTree = "<group>"; };
		9789E67B1FC2F42B00386902 /* FSSearchDeviceManager.m */ = {isa = PBXFileReference; lastKnownFileType = sourcecode.c.objc; path = FSSearchDeviceManager.m; sourceTree = "<group>"; };
		9789E67D1FC30C1D00386902 /* libstdc++.tbd */ = {isa = PBXFileReference; lastKnownFileType = "sourcecode.text-based-dylib-definition"; name = "libstdc++.tbd"; path = "usr/lib/libstdc++.tbd"; sourceTree = SDKROOT; };
		9789E67F1FC30C3D00386902 /* libz.tbd */ = {isa = PBXFileReference; lastKnownFileType = "sourcecode.text-based-dylib-definition"; name = libz.tbd; path = usr/lib/libz.tbd; sourceTree = SDKROOT; };
		9789E6811FC30C5400386902 /* libicucore.tbd */ = {isa = PBXFileReference; lastKnownFileType = "sourcecode.text-based-dylib-definition"; name = libicucore.tbd; path = usr/lib/libicucore.tbd; sourceTree = SDKROOT; };
		9789E6831FC30C7600386902 /* libc++.tbd */ = {isa = PBXFileReference; lastKnownFileType = "sourcecode.text-based-dylib-definition"; name = "libc++.tbd"; path = "usr/lib/libc++.tbd"; sourceTree = SDKROOT; };
		9789E6851FC30C9700386902 /* libiconv.tbd */ = {isa = PBXFileReference; lastKnownFileType = "sourcecode.text-based-dylib-definition"; name = libiconv.tbd; path = usr/lib/libiconv.tbd; sourceTree = SDKROOT; };
		97E2B0631FD91B5400426464 /* FSLiveViewModel.h */ = {isa = PBXFileReference; lastKnownFileType = sourcecode.c.h; path = FSLiveViewModel.h; sourceTree = "<group>"; };
		97E2B0641FD91B5400426464 /* FSLiveViewModel.m */ = {isa = PBXFileReference; lastKnownFileType = sourcecode.c.objc; path = FSLiveViewModel.m; sourceTree = "<group>"; };
		97E2B0671FD9269E00426464 /* FSLiveViewStatusView.h */ = {isa = PBXFileReference; lastKnownFileType = sourcecode.c.h; path = FSLiveViewStatusView.h; sourceTree = "<group>"; };
		97E2B0681FD9269E00426464 /* FSLiveViewStatusView.m */ = {isa = PBXFileReference; lastKnownFileType = sourcecode.c.objc; path = FSLiveViewStatusView.m; sourceTree = "<group>"; };
		97E2B06A1FD926AB00426464 /* FSLiveViewStatusView.xib */ = {isa = PBXFileReference; lastKnownFileType = file.xib; path = FSLiveViewStatusView.xib; sourceTree = "<group>"; };
		97E6ADC81FC6741B0047C882 /* FSDeviceConfigureAPIRESTfulService.h */ = {isa = PBXFileReference; lastKnownFileType = sourcecode.c.h; path = FSDeviceConfigureAPIRESTfulService.h; sourceTree = "<group>"; };
		97E6ADC91FC6741B0047C882 /* FSDeviceConfigureAPIRESTfulService.m */ = {isa = PBXFileReference; lastKnownFileType = sourcecode.c.objc; path = FSDeviceConfigureAPIRESTfulService.m; sourceTree = "<group>"; };
		EEAFE4D793E61A9D8D7D21ED /* Pods-Freestream.debug.xcconfig */ = {isa = PBXFileReference; includeInIndex = 1; lastKnownFileType = text.xcconfig; name = "Pods-Freestream.debug.xcconfig"; path = "Pods/Target Support Files/Pods-Freestream/Pods-Freestream.debug.xcconfig"; sourceTree = "<group>"; };
/* End PBXFileReference section */

/* Begin PBXFrameworksBuildPhase section */
		97328E6D1FB32AA3005FC554 /* Frameworks */ = {
			isa = PBXFrameworksBuildPhase;
			buildActionMask = 2147483647;
			files = (
				9789E6781FC2F03500386902 /* libWisView.a in Frameworks */,
				44DA42671278C599A97BECEF /* libPods-Freestream.a in Frameworks */,
				9789E67E1FC30C1D00386902 /* libstdc++.tbd in Frameworks */,
				97328EF61FB9404C005FC554 /* FBSDKCoreKit.framework in Frameworks */,
				9789E6861FC30C9700386902 /* libiconv.tbd in Frameworks */,
				97328EF71FB9404C005FC554 /* FBSDKLoginKit.framework in Frameworks */,
				97328EF91FB944CB005FC554 /* Bolts.framework in Frameworks */,
			);
			runOnlyForDeploymentPostprocessing = 0;
		};
/* End PBXFrameworksBuildPhase section */

/* Begin PBXGroup section */
		14DB3452D69BEC219DB49923 /* Frameworks */ = {
			isa = PBXGroup;
			children = (
				9789E6851FC30C9700386902 /* libiconv.tbd */,
				9789E6831FC30C7600386902 /* libc++.tbd */,
				9789E6811FC30C5400386902 /* libicucore.tbd */,
				9789E67F1FC30C3D00386902 /* libz.tbd */,
				9789E67D1FC30C1D00386902 /* libstdc++.tbd */,
				7259D11CEF2F7B196912D014 /* libPods-Freestream.a */,
			);
			name = Frameworks;
			sourceTree = "<group>";
		};
		4419DA1367A5D0E8CAFE2E25 /* Pods */ = {
			isa = PBXGroup;
			children = (
				EEAFE4D793E61A9D8D7D21ED /* Pods-Freestream.debug.xcconfig */,
				20ED9EDB49FC7B22B83D2DE2 /* Pods-Freestream.release.xcconfig */,
			);
			name = Pods;
			sourceTree = "<group>";
		};
		970307781FCC818200A9E5EF /* Stream */ = {
			isa = PBXGroup;
			children = (
				9703077C1FCC833D00A9E5EF /* FSAudioInputInfo.h */,
				9703077D1FCC833D00A9E5EF /* FSAudioInputInfo.m */,
				977DB6A71FD64216006A22E1 /* FSStreamPlatformModel.h */,
				977DB6A81FD64216006A22E1 /* FSStreamPlatformModel.m */,
			);
			path = Stream;
			sourceTree = "<group>";
		};
		9703077F1FCC839700A9E5EF /* Configure */ = {
			isa = PBXGroup;
			children = (
				970307801FCC83E400A9E5EF /* FSDeviceConfigureInfo.h */,
				970307811FCC83E400A9E5EF /* FSDeviceConfigureInfo.m */,
			);
			path = Configure;
			sourceTree = "<group>";
		};
		97328E671FB32AA3005FC554 = {
			isa = PBXGroup;
			children = (
				97328E721FB32AA3005FC554 /* Freestream */,
				97328E711FB32AA3005FC554 /* Products */,
				4419DA1367A5D0E8CAFE2E25 /* Pods */,
				14DB3452D69BEC219DB49923 /* Frameworks */,
			);
			sourceTree = "<group>";
		};
		97328E711FB32AA3005FC554 /* Products */ = {
			isa = PBXGroup;
			children = (
				97328E701FB32AA3005FC554 /* Freestream.app */,
			);
			name = Products;
			sourceTree = "<group>";
		};
		97328E721FB32AA3005FC554 /* Freestream */ = {
			isa = PBXGroup;
			children = (
				97328E731FB32AA3005FC554 /* AppDelegate.h */,
				97328E741FB32AA3005FC554 /* AppDelegate.m */,
				97328E8C1FB33214005FC554 /* Common */,
				97328E891FB3311E005FC554 /* Controller */,
				97328E8B1FB33142005FC554 /* Model */,
				97328E8A1FB3313B005FC554 /* View */,
				97328E8D1FB33223005FC554 /* RESTfulAPI */,
				97328E901FB3328E005FC554 /* Libs */,
				97328EF21FB93FF1005FC554 /* Frameworks */,
				97328E8E1FB3324F005FC554 /* Resource */,
				97328E911FB332AA005FC554 /* Suporting Files */,
			);
			path = Freestream;
			sourceTree = "<group>";
		};
		97328E891FB3311E005FC554 /* Controller */ = {
			isa = PBXGroup;
			children = (
				97328EAD1FB3F627005FC554 /* LeftSide */,
				97328EA81FB3F5DB005FC554 /* Home */,
				97328EA91FB3F5E9005FC554 /* LiveView */,
				97328EAA1FB3F5F5005FC554 /* Stream */,
				97328EAB1FB3F60E005FC554 /* Configure */,
				97328EAC1FB3F619005FC554 /* Browse */,
			);
			path = Controller;
			sourceTree = "<group>";
		};
		97328E8A1FB3313B005FC554 /* View */ = {
			isa = PBXGroup;
			children = (
				97E2B0661FD9266700426464 /* Live View */,
				973FC9421FD13E7500C57F33 /* Stream */,
				97328ECA1FB437CB005FC554 /* Home */,
				97328EBF1FB43336005FC554 /* LeftSide */,
			);
			path = View;
			sourceTree = "<group>";
		};
		97328E8B1FB33142005FC554 /* Model */ = {
			isa = PBXGroup;
			children = (
				97E2B0621FD91AE300426464 /* Live View */,
				9703077F1FCC839700A9E5EF /* Configure */,
				970307781FCC818200A9E5EF /* Stream */,
				97328EEE1FB59834005FC554 /* LeftSide */,
			);
			path = Model;
			sourceTree = "<group>";
		};
		97328E8C1FB33214005FC554 /* Common */ = {
			isa = PBXGroup;
			children = (
				97328E961FB33A49005FC554 /* CommonAppHeader.h */,
				97328EFA1FB94C2C005FC554 /* AppConstants.h */,
				9789E6791FC2F3F900386902 /* SearchManager */,
				97328E9B1FB3F39B005FC554 /* Categories */,
				97328E9A1FB3F390005FC554 /* Views */,
				97328F001FB98DB0005FC554 /* Network */,
				97328E991FB3F379005FC554 /* ViewControllers */,
			);
			path = Common;
			sourceTree = "<group>";
		};
		97328E8D1FB33223005FC554 /* RESTfulAPI */ = {
			isa = PBXGroup;
			children = (
				97328EFF1FB98848005FC554 /* FSBaseAPIURL.h */,
				97328EFE1FB98823005FC554 /* FSFaceBookAPIURL.h */,
				97328EFB1FB98795005FC554 /* FSFaceBookAPIRESTfulService.h */,
				97328EFC1FB98795005FC554 /* FSFaceBookAPIRESTfulService.m */,
				97E6ADC81FC6741B0047C882 /* FSDeviceConfigureAPIRESTfulService.h */,
				97E6ADC91FC6741B0047C882 /* FSDeviceConfigureAPIRESTfulService.m */,
			);
			path = RESTfulAPI;
			sourceTree = "<group>";
		};
		97328E8E1FB3324F005FC554 /* Resource */ = {
			isa = PBXGroup;
			children = (
				97328E7C1FB32AA3005FC554 /* App.xcassets */,
				97328E971FB3F333005FC554 /* Base.xcassets */,
				97328ED61FB44FE0005FC554 /* Home.xcassets */,
				974041321FBEE09500E23E31 /* LiveView.xcassets */,
				973FC9401FD133AE00C57F33 /* Stream.xcassets */,
				97328E8F1FB3325C005FC554 /* file */,
			);
			path = Resource;
			sourceTree = "<group>";
		};
		97328E8F1FB3325C005FC554 /* file */ = {
			isa = PBXGroup;
			children = (
			);
			path = file;
			sourceTree = "<group>";
		};
		97328E901FB3328E005FC554 /* Libs */ = {
			isa = PBXGroup;
			children = (
				9789E6731FC2F03500386902 /* LX520View */,
			);
			path = Libs;
			sourceTree = "<group>";
		};
		97328E911FB332AA005FC554 /* Suporting Files */ = {
			isa = PBXGroup;
			children = (
				97328E811FB32AA3005FC554 /* Info.plist */,
				97328E821FB32AA3005FC554 /* main.m */,
				97328EB91FB3FB34005FC554 /* Localizable.strings */,
			);
			path = "Suporting Files";
			sourceTree = "<group>";
		};
		97328E991FB3F379005FC554 /* ViewControllers */ = {
			isa = PBXGroup;
			children = (
				97328E9C1FB3F3FC005FC554 /* FSBaseViewController.h */,
				97328E9D1FB3F3FC005FC554 /* FSBaseViewController.m */,
				97328E9F1FB3F411005FC554 /* FSBaseWebViewController.h */,
				97328EA01FB3F411005FC554 /* FSBaseWebViewController.m */,
				97328EA21FB3F537005FC554 /* FSNavigationViewController.h */,
				97328EA31FB3F537005FC554 /* FSNavigationViewController.m */,
				970307721FCBF94E00A9E5EF /* FSAlertController.h */,
				970307731FCBF94E00A9E5EF /* FSAlertController.m */,
			);
			path = ViewControllers;
			sourceTree = "<group>";
		};
		97328E9A1FB3F390005FC554 /* Views */ = {
			isa = PBXGroup;
			children = (
			);
			path = Views;
			sourceTree = "<group>";
		};
		97328E9B1FB3F39B005FC554 /* Categories */ = {
			isa = PBXGroup;
			children = (
				97328EA51FB3F586005FC554 /* FSNavigationViewController+StatusBar.h */,
				97328EA61FB3F586005FC554 /* FSNavigationViewController+StatusBar.m */,
				97328EBC1FB4023C005FC554 /* UIColor+App.h */,
				97328EBD1FB4023C005FC554 /* UIColor+App.m */,
				970307751FCC80E300A9E5EF /* CoreStore+App.h */,
				970307761FCC80E300A9E5EF /* CoreStore+App.m */,
				970307831FCC871300A9E5EF /* FSBaseViewController+WifiInfo.h */,
				970307841FCC871300A9E5EF /* FSBaseViewController+WifiInfo.m */,
				970307861FCC883C00A9E5EF /* FSBaseViewController+AlertController.h */,
				970307871FCC883C00A9E5EF /* FSBaseViewController+AlertController.m */,
				977DB6C31FD7DDBD006A22E1 /* FSBaseViewController+MBProgressHud.h */,
				977DB6C41FD7DDBD006A22E1 /* FSBaseViewController+MBProgressHud.m */,
				977DB6C61FD7E099006A22E1 /* NSString+FSApp.h */,
				977DB6C71FD7E099006A22E1 /* NSString+FSApp.m */,
			);
			path = Categories;
			sourceTree = "<group>";
		};
		97328EA81FB3F5DB005FC554 /* Home */ = {
			isa = PBXGroup;
			children = (
				97328EC51FB436A2005FC554 /* FSHomeViewController.h */,
				97328EC61FB436A2005FC554 /* FSHomeViewController.m */,
				97328EC71FB436A2005FC554 /* FSHomeViewController.xib */,
			);
			path = Home;
			sourceTree = "<group>";
		};
		97328EA91FB3F5E9005FC554 /* LiveView */ = {
			isa = PBXGroup;
			children = (
				9741AF641FBDBD6A00D4290D /* FSLiveViewViewController.h */,
				9741AF651FBDBD6A00D4290D /* FSLiveViewViewController.m */,
				9741AF661FBDBD6A00D4290D /* FSLiveViewViewController.xib */,
			);
			path = LiveView;
			sourceTree = "<group>";
		};
		97328EAA1FB3F5F5005FC554 /* Stream */ = {
			isa = PBXGroup;
			children = (
				9740412A1FBE86F300E23E31 /* FSStreamViewController.h */,
				9740412B1FBE86F300E23E31 /* FSStreamViewController.m */,
				9740412C1FBE86F300E23E31 /* FSStreamViewController.xib */,
				977DB6AA1FD695C3006A22E1 /* FSPlatformCustomViewController.h */,
				977DB6AB1FD695C3006A22E1 /* FSPlatformCustomViewController.m */,
				977DB6AC1FD695C3006A22E1 /* FSPlatformCustomViewController.xib */,
				977DB6AF1FD695D7006A22E1 /* FSPlatformFacebookViewController.h */,
				977DB6B01FD695D7006A22E1 /* FSPlatformFacebookViewController.m */,
				977DB6B11FD695D7006A22E1 /* FSPlatformFacebookViewController.xib */,
				977DB6B41FD695E7006A22E1 /* FSPlatformYoutubeViewController.h */,
				977DB6B51FD695E7006A22E1 /* FSPlatformYoutubeViewController.m */,
				977DB6B61FD695E7006A22E1 /* FSPlatformYoutubeViewController.xib */,
				977DB6BE1FD69639006A22E1 /* FSPlatformTwitchViewController.h */,
				977DB6BF1FD69639006A22E1 /* FSPlatformTwitchViewController.m */,
				977DB6C01FD69639006A22E1 /* FSPlatformTwitchViewController.xib */,
			);
			path = Stream;
			sourceTree = "<group>";
		};
		97328EAB1FB3F60E005FC554 /* Configure */ = {
			isa = PBXGroup;
			children = (
			);
			path = Configure;
			sourceTree = "<group>";
		};
		97328EAC1FB3F619005FC554 /* Browse */ = {
			isa = PBXGroup;
			children = (
			);
			path = Browse;
			sourceTree = "<group>";
		};
		97328EAD1FB3F627005FC554 /* LeftSide */ = {
			isa = PBXGroup;
			children = (
				97328ED81FB5776F005FC554 /* BaseTextViewController */,
				97328EAE1FB3F738005FC554 /* FSLeftSideMenuViewController.h */,
				97328EAF1FB3F738005FC554 /* FSLeftSideMenuViewController.m */,
				97328EB01FB3F738005FC554 /* FSLeftSideMenuViewController.xib */,
			);
			path = LeftSide;
			sourceTree = "<group>";
		};
		97328EBF1FB43336005FC554 /* LeftSide */ = {
			isa = PBXGroup;
			children = (
				97328EC01FB43374005FC554 /* FSLeftSideTableViewCell.h */,
				97328EC11FB43374005FC554 /* FSLeftSideTableViewCell.m */,
				97328EC21FB43374005FC554 /* FSLeftSideTableViewCell.xib */,
			);
			path = LeftSide;
			sourceTree = "<group>";
		};
		97328ECA1FB437CB005FC554 /* Home */ = {
			isa = PBXGroup;
			children = (
				97328ECB1FB4382C005FC554 /* FSHomePageButtonView.h */,
				97328ECC1FB4382C005FC554 /* FSHomePageButtonView.m */,
				97328ECE1FB4383A005FC554 /* FSHomePageButtonView.xib */,
			);
			path = Home;
			sourceTree = "<group>";
		};
		97328ED81FB5776F005FC554 /* BaseTextViewController */ = {
			isa = PBXGroup;
			children = (
				97328ED91FB577CE005FC554 /* FSTextViewController.h */,
				97328EDA1FB577CE005FC554 /* FSTextViewController.m */,
				97328EDB1FB577CE005FC554 /* FSTextViewController.xib */,
			);
			path = BaseTextViewController;
			sourceTree = "<group>";
		};
		97328EEE1FB59834005FC554 /* LeftSide */ = {
			isa = PBXGroup;
			children = (
				97328EEF1FB59869005FC554 /* FSLeftSideModel.h */,
				97328EF01FB59869005FC554 /* FSLeftSideModel.m */,
			);
			path = LeftSide;
			sourceTree = "<group>";
		};
		97328EF21FB93FF1005FC554 /* Frameworks */ = {
			isa = PBXGroup;
			children = (
				97328EF31FB94009005FC554 /* FacebookSDK */,
			);
			path = Frameworks;
			sourceTree = "<group>";
		};
		97328EF31FB94009005FC554 /* FacebookSDK */ = {
			isa = PBXGroup;
			children = (
				97328EF81FB944CA005FC554 /* Bolts.framework */,
				97328EF41FB9404B005FC554 /* FBSDKCoreKit.framework */,
				97328EF51FB9404C005FC554 /* FBSDKLoginKit.framework */,
			);
			path = FacebookSDK;
			sourceTree = "<group>";
		};
		97328F001FB98DB0005FC554 /* Network */ = {
			isa = PBXGroup;
			children = (
				97328F011FB98DE8005FC554 /* FSNetWorkManager.h */,
				97328F021FB98DE8005FC554 /* FSNetWorkManager.m */,
			);
			path = Network;
			sourceTree = "<group>";
		};
		973FC9421FD13E7500C57F33 /* Stream */ = {
			isa = PBXGroup;
			children = (
				973FC9461FD142DB00C57F33 /* FSPlatformButtonView.h */,
				973FC9471FD142DB00C57F33 /* FSPlatformButtonView.m */,
				973FC9491FD142FE00C57F33 /* FSPlatformButtonView.xib */,
			);
			path = Stream;
			sourceTree = "<group>";
		};
		9789E6731FC2F03500386902 /* LX520View */ = {
			isa = PBXGroup;
			children = (
				9789E6741FC2F03500386902 /* EasyConfig.h */,
				9789E6751FC2F03500386902 /* libWisView.a */,
				9789E6761FC2F03500386902 /* Scanner.h */,
				9789E6771FC2F03500386902 /* WisView.h */,
			);
			path = LX520View;
			sourceTree = "<group>";
		};
		9789E6791FC2F3F900386902 /* SearchManager */ = {
			isa = PBXGroup;
			children = (
				9789E67A1FC2F42B00386902 /* FSSearchDeviceManager.h */,
				9789E67B1FC2F42B00386902 /* FSSearchDeviceManager.m */,
			);
			path = SearchManager;
			sourceTree = "<group>";
		};
		97E2B0621FD91AE300426464 /* Live View */ = {
			isa = PBXGroup;
			children = (
				97E2B0631FD91B5400426464 /* FSLiveViewModel.h */,
				97E2B0641FD91B5400426464 /* FSLiveViewModel.m */,
			);
			path = "Live View";
			sourceTree = "<group>";
		};
		97E2B0661FD9266700426464 /* Live View */ = {
			isa = PBXGroup;
			children = (
				97E2B0671FD9269E00426464 /* FSLiveViewStatusView.h */,
				97E2B0681FD9269E00426464 /* FSLiveViewStatusView.m */,
				97E2B06A1FD926AB00426464 /* FSLiveViewStatusView.xib */,
			);
			path = "Live View";
			sourceTree = "<group>";
		};
/* End PBXGroup section */

/* Begin PBXNativeTarget section */
		97328E6F1FB32AA3005FC554 /* Freestream */ = {
			isa = PBXNativeTarget;
			buildConfigurationList = 97328E861FB32AA3005FC554 /* Build configuration list for PBXNativeTarget "Freestream" */;
			buildPhases = (
				8D25766964DD2BB8CF120BDF /* [CP] Check Pods Manifest.lock */,
				97328E6C1FB32AA3005FC554 /* Sources */,
				97328E6D1FB32AA3005FC554 /* Frameworks */,
				97328E6E1FB32AA3005FC554 /* Resources */,
				ED00BAE0C0CF8CD7A864F84A /* [CP] Embed Pods Frameworks */,
				1CA92B556D9E84506DDAA806 /* [CP] Copy Pods Resources */,
			);
			buildRules = (
			);
			dependencies = (
			);
			name = Freestream;
			productName = Freestream;
			productReference = 97328E701FB32AA3005FC554 /* Freestream.app */;
			productType = "com.apple.product-type.application";
		};
/* End PBXNativeTarget section */

/* Begin PBXProject section */
		97328E681FB32AA3005FC554 /* Project object */ = {
			isa = PBXProject;
			attributes = {
				CLASSPREFIX = FS;
				LastUpgradeCheck = 0910;
				ORGANIZATIONNAME = Cloud4Magic;
				TargetAttributes = {
					97328E6F1FB32AA3005FC554 = {
						CreatedOnToolsVersion = 9.1;
						ProvisioningStyle = Automatic;
					};
				};
			};
			buildConfigurationList = 97328E6B1FB32AA3005FC554 /* Build configuration list for PBXProject "Freestream" */;
			compatibilityVersion = "Xcode 8.0";
			developmentRegion = en;
			hasScannedForEncodings = 0;
			knownRegions = (
				en,
				Base,
				"zh-Hans",
			);
			mainGroup = 97328E671FB32AA3005FC554;
			productRefGroup = 97328E711FB32AA3005FC554 /* Products */;
			projectDirPath = "";
			projectRoot = "";
			targets = (
				97328E6F1FB32AA3005FC554 /* Freestream */,
			);
		};
/* End PBXProject section */

/* Begin PBXResourcesBuildPhase section */
		97328E6E1FB32AA3005FC554 /* Resources */ = {
			isa = PBXResourcesBuildPhase;
			buildActionMask = 2147483647;
			files = (
				97328EB71FB3FB34005FC554 /* Localizable.strings in Resources */,
				977DB6C21FD69639006A22E1 /* FSPlatformTwitchViewController.xib in Resources */,
				97328EB21FB3F738005FC554 /* FSLeftSideMenuViewController.xib in Resources */,
				977DB6B81FD695E7006A22E1 /* FSPlatformYoutubeViewController.xib in Resources */,
				97328ED71FB44FE0005FC554 /* Home.xcassets in Resources */,
				97328E7D1FB32AA3005FC554 /* App.xcassets in Resources */,
				97328EDD1FB577CE005FC554 /* FSTextViewController.xib in Resources */,
				97E2B06B1FD926AB00426464 /* FSLiveViewStatusView.xib in Resources */,
				97328ECF1FB4383A005FC554 /* FSHomePageButtonView.xib in Resources */,
				973FC94A1FD142FE00C57F33 /* FSPlatformButtonView.xib in Resources */,
				97328E981FB3F333005FC554 /* Base.xcassets in Resources */,
				9740412E1FBE86F300E23E31 /* FSStreamViewController.xib in Resources */,
				974041331FBEE09500E23E31 /* LiveView.xcassets in Resources */,
				97328EC91FB436A2005FC554 /* FSHomeViewController.xib in Resources */,
				977DB6AE1FD695C3006A22E1 /* FSPlatformCustomViewController.xib in Resources */,
				977DB6B31FD695D7006A22E1 /* FSPlatformFacebookViewController.xib in Resources */,
				9741AF681FBDBD6A00D4290D /* FSLiveViewViewController.xib in Resources */,
				973FC9411FD133AE00C57F33 /* Stream.xcassets in Resources */,
				97328EC41FB43374005FC554 /* FSLeftSideTableViewCell.xib in Resources */,
			);
			runOnlyForDeploymentPostprocessing = 0;
		};
/* End PBXResourcesBuildPhase section */

/* Begin PBXShellScriptBuildPhase section */
		1CA92B556D9E84506DDAA806 /* [CP] Copy Pods Resources */ = {
			isa = PBXShellScriptBuildPhase;
			buildActionMask = 2147483647;
			files = (
			);
			inputPaths = (
				"${SRCROOT}/Pods/Target Support Files/Pods-Freestream/Pods-Freestream-resources.sh",
				"${PODS_ROOT}/MJRefresh/MJRefresh/MJRefresh.bundle",
			);
			name = "[CP] Copy Pods Resources";
			outputPaths = (
				"${TARGET_BUILD_DIR}/${UNLOCALIZED_RESOURCES_FOLDER_PATH}",
			);
			runOnlyForDeploymentPostprocessing = 0;
			shellPath = /bin/sh;
			shellScript = "\"${SRCROOT}/Pods/Target Support Files/Pods-Freestream/Pods-Freestream-resources.sh\"\n";
			showEnvVarsInLog = 0;
		};
		8D25766964DD2BB8CF120BDF /* [CP] Check Pods Manifest.lock */ = {
			isa = PBXShellScriptBuildPhase;
			buildActionMask = 2147483647;
			files = (
			);
			inputPaths = (
				"${PODS_PODFILE_DIR_PATH}/Podfile.lock",
				"${PODS_ROOT}/Manifest.lock",
			);
			name = "[CP] Check Pods Manifest.lock";
			outputPaths = (
				"$(DERIVED_FILE_DIR)/Pods-Freestream-checkManifestLockResult.txt",
			);
			runOnlyForDeploymentPostprocessing = 0;
			shellPath = /bin/sh;
			shellScript = "diff \"${PODS_PODFILE_DIR_PATH}/Podfile.lock\" \"${PODS_ROOT}/Manifest.lock\" > /dev/null\nif [ $? != 0 ] ; then\n    # print error to STDERR\n    echo \"error: The sandbox is not in sync with the Podfile.lock. Run 'pod install' or update your CocoaPods installation.\" >&2\n    exit 1\nfi\n# This output is used by Xcode 'outputs' to avoid re-running this script phase.\necho \"SUCCESS\" > \"${SCRIPT_OUTPUT_FILE_0}\"\n";
			showEnvVarsInLog = 0;
		};
		ED00BAE0C0CF8CD7A864F84A /* [CP] Embed Pods Frameworks */ = {
			isa = PBXShellScriptBuildPhase;
			buildActionMask = 2147483647;
			files = (
			);
			inputPaths = (
			);
			name = "[CP] Embed Pods Frameworks";
			outputPaths = (
			);
			runOnlyForDeploymentPostprocessing = 0;
			shellPath = /bin/sh;
			shellScript = "\"${SRCROOT}/Pods/Target Support Files/Pods-Freestream/Pods-Freestream-frameworks.sh\"\n";
			showEnvVarsInLog = 0;
		};
/* End PBXShellScriptBuildPhase section */

/* Begin PBXSourcesBuildPhase section */
		97328E6C1FB32AA3005FC554 /* Sources */ = {
			isa = PBXSourcesBuildPhase;
			buildActionMask = 2147483647;
			files = (
				97328E831FB32AA3005FC554 /* main.m in Sources */,
				97328EBE1FB4023C005FC554 /* UIColor+App.m in Sources */,
				977DB6C51FD7DDBD006A22E1 /* FSBaseViewController+MBProgressHud.m in Sources */,
				97328EDC1FB577CE005FC554 /* FSTextViewController.m in Sources */,
				9703077E1FCC833D00A9E5EF /* FSAudioInputInfo.m in Sources */,
				97328F031FB98DE8005FC554 /* FSNetWorkManager.m in Sources */,
				97328EA11FB3F411005FC554 /* FSBaseWebViewController.m in Sources */,
				97328E9E1FB3F3FC005FC554 /* FSBaseViewController.m in Sources */,
				97328EC81FB436A2005FC554 /* FSHomeViewController.m in Sources */,
				970307741FCBF94E00A9E5EF /* FSAlertController.m in Sources */,
				970307821FCC83E400A9E5EF /* FSDeviceConfigureInfo.m in Sources */,
				977DB6C81FD7E099006A22E1 /* NSString+FSApp.m in Sources */,
				9740412D1FBE86F300E23E31 /* FSStreamViewController.m in Sources */,
				97328EB11FB3F738005FC554 /* FSLeftSideMenuViewController.m in Sources */,
				9741AF671FBDBD6A00D4290D /* FSLiveViewViewController.m in Sources */,
				977DB6C11FD69639006A22E1 /* FSPlatformTwitchViewController.m in Sources */,
				97328EFD1FB98795005FC554 /* FSFaceBookAPIRESTfulService.m in Sources */,
				97328EA71FB3F586005FC554 /* FSNavigationViewController+StatusBar.m in Sources */,
				9789E67C1FC2F42B00386902 /* FSSearchDeviceManager.m in Sources */,
				97E6ADCA1FC6741B0047C882 /* FSDeviceConfigureAPIRESTfulService.m in Sources */,
				977DB6A91FD64216006A22E1 /* FSStreamPlatformModel.m in Sources */,
				977DB6B71FD695E7006A22E1 /* FSPlatformYoutubeViewController.m in Sources */,
				977DB6AD1FD695C3006A22E1 /* FSPlatformCustomViewController.m in Sources */,
				97E2B0691FD9269E00426464 /* FSLiveViewStatusView.m in Sources */,
				97328EF11FB59869005FC554 /* FSLeftSideModel.m in Sources */,
				97328E751FB32AA3005FC554 /* AppDelegate.m in Sources */,
				97328EC31FB43374005FC554 /* FSLeftSideTableViewCell.m in Sources */,
				977DB6B21FD695D7006A22E1 /* FSPlatformFacebookViewController.m in Sources */,
				973FC9481FD142DB00C57F33 /* FSPlatformButtonView.m in Sources */,
				97328ECD1FB4382C005FC554 /* FSHomePageButtonView.m in Sources */,
				970307771FCC80E300A9E5EF /* CoreStore+App.m in Sources */,
				970307881FCC883C00A9E5EF /* FSBaseViewController+AlertController.m in Sources */,
				97328EA41FB3F537005FC554 /* FSNavigationViewController.m in Sources */,
				970307851FCC871300A9E5EF /* FSBaseViewController+WifiInfo.m in Sources */,
				97E2B0651FD91B5400426464 /* FSLiveViewModel.m in Sources */,
			);
			runOnlyForDeploymentPostprocessing = 0;
		};
/* End PBXSourcesBuildPhase section */

/* Begin PBXVariantGroup section */
		97328EB91FB3FB34005FC554 /* Localizable.strings */ = {
			isa = PBXVariantGroup;
			children = (
				97328EBA1FB3FB3B005FC554 /* Base */,
				97328EBB1FB3FC54005FC554 /* zh-Hans */,
			);
			name = Localizable.strings;
			sourceTree = "<group>";
		};
/* End PBXVariantGroup section */

/* Begin XCBuildConfiguration section */
		97328E841FB32AA3005FC554 /* Debug */ = {
			isa = XCBuildConfiguration;
			buildSettings = {
				ALWAYS_SEARCH_USER_PATHS = NO;
				CLANG_ANALYZER_LOCALIZABILITY_NONLOCALIZED = YES;
				CLANG_ANALYZER_NONNULL = YES;
				CLANG_ANALYZER_NUMBER_OBJECT_CONVERSION = YES_AGGRESSIVE;
				CLANG_CXX_LANGUAGE_STANDARD = "gnu++14";
				CLANG_CXX_LIBRARY = "libc++";
				CLANG_ENABLE_MODULES = YES;
				CLANG_ENABLE_OBJC_ARC = YES;
				CLANG_WARN_BLOCK_CAPTURE_AUTORELEASING = YES;
				CLANG_WARN_BOOL_CONVERSION = YES;
				CLANG_WARN_COMMA = YES;
				CLANG_WARN_CONSTANT_CONVERSION = YES;
				CLANG_WARN_DIRECT_OBJC_ISA_USAGE = YES_ERROR;
				CLANG_WARN_DOCUMENTATION_COMMENTS = YES;
				CLANG_WARN_EMPTY_BODY = YES;
				CLANG_WARN_ENUM_CONVERSION = YES;
				CLANG_WARN_INFINITE_RECURSION = YES;
				CLANG_WARN_INT_CONVERSION = YES;
				CLANG_WARN_NON_LITERAL_NULL_CONVERSION = YES;
				CLANG_WARN_OBJC_LITERAL_CONVERSION = YES;
				CLANG_WARN_OBJC_ROOT_CLASS = YES_ERROR;
				CLANG_WARN_RANGE_LOOP_ANALYSIS = YES;
				CLANG_WARN_STRICT_PROTOTYPES = YES;
				CLANG_WARN_SUSPICIOUS_MOVE = YES;
				CLANG_WARN_UNGUARDED_AVAILABILITY = YES_AGGRESSIVE;
				CLANG_WARN_UNREACHABLE_CODE = YES;
				CLANG_WARN__DUPLICATE_METHOD_MATCH = YES;
				CODE_SIGN_IDENTITY = "iPhone Developer";
				COPY_PHASE_STRIP = NO;
				DEBUG_INFORMATION_FORMAT = dwarf;
				ENABLE_BITCODE = NO;
				ENABLE_STRICT_OBJC_MSGSEND = YES;
				ENABLE_TESTABILITY = YES;
				GCC_C_LANGUAGE_STANDARD = gnu11;
				GCC_DYNAMIC_NO_PIC = NO;
				GCC_NO_COMMON_BLOCKS = YES;
				GCC_OPTIMIZATION_LEVEL = 0;
				GCC_PREPROCESSOR_DEFINITIONS = (
					"DEBUG=1",
					"$(inherited)",
				);
				GCC_WARN_64_TO_32_BIT_CONVERSION = YES;
				GCC_WARN_ABOUT_RETURN_TYPE = YES_ERROR;
				GCC_WARN_UNDECLARED_SELECTOR = YES;
				GCC_WARN_UNINITIALIZED_AUTOS = YES_AGGRESSIVE;
				GCC_WARN_UNUSED_FUNCTION = YES;
				GCC_WARN_UNUSED_VARIABLE = YES;
				IPHONEOS_DEPLOYMENT_TARGET = 11.1;
				MTL_ENABLE_DEBUG_INFO = YES;
				ONLY_ACTIVE_ARCH = YES;
				SDKROOT = iphoneos;
			};
			name = Debug;
		};
		97328E851FB32AA3005FC554 /* Release */ = {
			isa = XCBuildConfiguration;
			buildSettings = {
				ALWAYS_SEARCH_USER_PATHS = NO;
				CLANG_ANALYZER_LOCALIZABILITY_NONLOCALIZED = YES;
				CLANG_ANALYZER_NONNULL = YES;
				CLANG_ANALYZER_NUMBER_OBJECT_CONVERSION = YES_AGGRESSIVE;
				CLANG_CXX_LANGUAGE_STANDARD = "gnu++14";
				CLANG_CXX_LIBRARY = "libc++";
				CLANG_ENABLE_MODULES = YES;
				CLANG_ENABLE_OBJC_ARC = YES;
				CLANG_WARN_BLOCK_CAPTURE_AUTORELEASING = YES;
				CLANG_WARN_BOOL_CONVERSION = YES;
				CLANG_WARN_COMMA = YES;
				CLANG_WARN_CONSTANT_CONVERSION = YES;
				CLANG_WARN_DIRECT_OBJC_ISA_USAGE = YES_ERROR;
				CLANG_WARN_DOCUMENTATION_COMMENTS = YES;
				CLANG_WARN_EMPTY_BODY = YES;
				CLANG_WARN_ENUM_CONVERSION = YES;
				CLANG_WARN_INFINITE_RECURSION = YES;
				CLANG_WARN_INT_CONVERSION = YES;
				CLANG_WARN_NON_LITERAL_NULL_CONVERSION = YES;
				CLANG_WARN_OBJC_LITERAL_CONVERSION = YES;
				CLANG_WARN_OBJC_ROOT_CLASS = YES_ERROR;
				CLANG_WARN_RANGE_LOOP_ANALYSIS = YES;
				CLANG_WARN_STRICT_PROTOTYPES = YES;
				CLANG_WARN_SUSPICIOUS_MOVE = YES;
				CLANG_WARN_UNGUARDED_AVAILABILITY = YES_AGGRESSIVE;
				CLANG_WARN_UNREACHABLE_CODE = YES;
				CLANG_WARN__DUPLICATE_METHOD_MATCH = YES;
				CODE_SIGN_IDENTITY = "iPhone Developer";
				COPY_PHASE_STRIP = NO;
				DEBUG_INFORMATION_FORMAT = "dwarf-with-dsym";
				ENABLE_BITCODE = NO;
				ENABLE_NS_ASSERTIONS = NO;
				ENABLE_STRICT_OBJC_MSGSEND = YES;
				GCC_C_LANGUAGE_STANDARD = gnu11;
				GCC_NO_COMMON_BLOCKS = YES;
				GCC_WARN_64_TO_32_BIT_CONVERSION = YES;
				GCC_WARN_ABOUT_RETURN_TYPE = YES_ERROR;
				GCC_WARN_UNDECLARED_SELECTOR = YES;
				GCC_WARN_UNINITIALIZED_AUTOS = YES_AGGRESSIVE;
				GCC_WARN_UNUSED_FUNCTION = YES;
				GCC_WARN_UNUSED_VARIABLE = YES;
				IPHONEOS_DEPLOYMENT_TARGET = 11.1;
				MTL_ENABLE_DEBUG_INFO = NO;
				SDKROOT = iphoneos;
				VALIDATE_PRODUCT = YES;
			};
			name = Release;
		};
		97328E871FB32AA3005FC554 /* Debug */ = {
			isa = XCBuildConfiguration;
			baseConfigurationReference = EEAFE4D793E61A9D8D7D21ED /* Pods-Freestream.debug.xcconfig */;
			buildSettings = {
				ASSETCATALOG_COMPILER_APPICON_NAME = AppIcon;
				"CODE_SIGN_IDENTITY[sdk=iphoneos*]" = "iPhone Developer";
				CODE_SIGN_STYLE = Automatic;
				DEVELOPMENT_TEAM = 29MHFKT8DQ;
				FRAMEWORK_SEARCH_PATHS = (
					"$(inherited)",
					"$(PROJECT_DIR)/Freestream/Frameworks/FacebookSDK",
				);
				INFOPLIST_FILE = "$(SRCROOT)/Freestream/Suporting Files/Info.plist";
				IPHONEOS_DEPLOYMENT_TARGET = 10.0;
				LD_RUNPATH_SEARCH_PATHS = "$(inherited) @executable_path/Frameworks";
				LIBRARY_SEARCH_PATHS = (
					"$(inherited)",
					"$(PROJECT_DIR)/Freestream/Libs/LX520View",
				);
				PRODUCT_BUNDLE_IDENTIFIER = com.byd.freecast;
				PRODUCT_NAME = "$(TARGET_NAME)";
				PROVISIONING_PROFILE = "";
				PROVISIONING_PROFILE_SPECIFIER = "";
				TARGETED_DEVICE_FAMILY = "1,2";
				VALID_ARCHS = "arm64 armv7 armv7s armv8";
			};
			name = Debug;
		};
		97328E881FB32AA3005FC554 /* Release */ = {
			isa = XCBuildConfiguration;
			baseConfigurationReference = 20ED9EDB49FC7B22B83D2DE2 /* Pods-Freestream.release.xcconfig */;
			buildSettings = {
				ASSETCATALOG_COMPILER_APPICON_NAME = AppIcon;
				"CODE_SIGN_IDENTITY[sdk=iphoneos*]" = "iPhone Developer";
				CODE_SIGN_STYLE = Automatic;
				DEVELOPMENT_TEAM = 29MHFKT8DQ;
				FRAMEWORK_SEARCH_PATHS = (
					"$(inherited)",
					"$(PROJECT_DIR)/Freestream/Frameworks/FacebookSDK",
				);
				INFOPLIST_FILE = "$(SRCROOT)/Freestream/Suporting Files/Info.plist";
				IPHONEOS_DEPLOYMENT_TARGET = 10.0;
				LD_RUNPATH_SEARCH_PATHS = "$(inherited) @executable_path/Frameworks";
				LIBRARY_SEARCH_PATHS = (
					"$(inherited)",
					"$(PROJECT_DIR)/Freestream/Libs/LX520View",
				);
				PRODUCT_BUNDLE_IDENTIFIER = com.byd.freecast;
				PRODUCT_NAME = "$(TARGET_NAME)";
				PROVISIONING_PROFILE = "";
				PROVISIONING_PROFILE_SPECIFIER = "";
				TARGETED_DEVICE_FAMILY = "1,2";
				VALID_ARCHS = "arm64 armv7 armv7s armv8";
			};
			name = Release;
		};
/* End XCBuildConfiguration section */

/* Begin XCConfigurationList section */
		97328E6B1FB32AA3005FC554 /* Build configuration list for PBXProject "Freestream" */ = {
			isa = XCConfigurationList;
			buildConfigurations = (
				97328E841FB32AA3005FC554 /* Debug */,
				97328E851FB32AA3005FC554 /* Release */,
			);
			defaultConfigurationIsVisible = 0;
			defaultConfigurationName = Release;
		};
		97328E861FB32AA3005FC554 /* Build configuration list for PBXNativeTarget "Freestream" */ = {
			isa = XCConfigurationList;
			buildConfigurations = (
				97328E871FB32AA3005FC554 /* Debug */,
				97328E881FB32AA3005FC554 /* Release */,
			);
			defaultConfigurationIsVisible = 0;
			defaultConfigurationName = Release;
		};
/* End XCConfigurationList section */
	};
	rootObject = 97328E681FB32AA3005FC554 /* Project object */;
}
